// !$*UTF8*$!
{
	archiveVersion = 1;
	classes = {
	};
	objectVersion = 56;
	objects = {

/* Begin PBXBuildFile section */
		CA2A3CA029C37A9A006DFCED /* String+SpecialCharacters.swift in Sources */ = {isa = PBXBuildFile; fileRef = CA2A3C9F29C37A9A006DFCED /* String+SpecialCharacters.swift */; };
		CA2A3CA229C37FD8006DFCED /* CVarArg+dollarSign.swift in Sources */ = {isa = PBXBuildFile; fileRef = CA2A3CA129C37FD8006DFCED /* CVarArg+dollarSign.swift */; };
		CA2A3CA429C38701006DFCED /* DirectoryProtocol.swift in Sources */ = {isa = PBXBuildFile; fileRef = CA2A3CA329C38701006DFCED /* DirectoryProtocol.swift */; };
		CA2A3CB029C578CC006DFCED /* FSSHSimulationTests.swift in Sources */ = {isa = PBXBuildFile; fileRef = CA2A3CAF29C578CC006DFCED /* FSSHSimulationTests.swift */; };
		CA2A3CB529C57985006DFCED /* Environment.swift in Sources */ = {isa = PBXBuildFile; fileRef = CA6B185E29BD7E0000A44F5F /* Environment.swift */; };
		CA2A3CB629C5798A006DFCED /* CVarArg+dollarSign.swift in Sources */ = {isa = PBXBuildFile; fileRef = CA2A3CA129C37FD8006DFCED /* CVarArg+dollarSign.swift */; };
		CA2A3CB729C5798A006DFCED /* String+Helpers.swift in Sources */ = {isa = PBXBuildFile; fileRef = CAE9A3A929BC640200FBAAF8 /* String+Helpers.swift */; };
		CA2A3CB829C5798A006DFCED /* String+SpecialCharacters.swift in Sources */ = {isa = PBXBuildFile; fileRef = CA2A3C9F29C37A9A006DFCED /* String+SpecialCharacters.swift */; };
		CA2A3CB929C5798E006DFCED /* DirectoryProtocol.swift in Sources */ = {isa = PBXBuildFile; fileRef = CA2A3CA329C38701006DFCED /* DirectoryProtocol.swift */; };
		CA2A3CBA29C5798E006DFCED /* Node.swift in Sources */ = {isa = PBXBuildFile; fileRef = CADBA01B29C0D75600F4A1C0 /* Node.swift */; };
		CA2A3CBB29C57991006DFCED /* Directory.swift in Sources */ = {isa = PBXBuildFile; fileRef = CAE9A39429BC466900FBAAF8 /* Directory.swift */; };
		CA2A3CBC29C57994006DFCED /* CommandProtocol.swift in Sources */ = {isa = PBXBuildFile; fileRef = CAE9A3AE29BC6ABB00FBAAF8 /* CommandProtocol.swift */; };
		CA2A3CBD29C5799B006DFCED /* Pwd.swift in Sources */ = {isa = PBXBuildFile; fileRef = CA6B186B29BDAFF600A44F5F /* Pwd.swift */; };
		CA2A3CBE29C5799B006DFCED /* Cd.swift in Sources */ = {isa = PBXBuildFile; fileRef = CA6B186D29BDCBD600A44F5F /* Cd.swift */; };
		CA2A3CBF29C5799B006DFCED /* Find.swift in Sources */ = {isa = PBXBuildFile; fileRef = CAE9A3B329BC6BA300FBAAF8 /* Find.swift */; };
		CA2A3CC029C5799B006DFCED /* Chdir.swift in Sources */ = {isa = PBXBuildFile; fileRef = CA6B186929BD996000A44F5F /* Chdir.swift */; };
		CA2A3CC129C5799B006DFCED /* Exit.swift in Sources */ = {isa = PBXBuildFile; fileRef = CA6B186529BD8C7B00A44F5F /* Exit.swift */; };
		CA2A3CC229C5799B006DFCED /* Mkdir.swift in Sources */ = {isa = PBXBuildFile; fileRef = CA6B186729BD926A00A44F5F /* Mkdir.swift */; };
		CA2A3CC329C5799E006DFCED /* Messages.swift in Sources */ = {isa = PBXBuildFile; fileRef = CAE9A3AC29BC66D500FBAAF8 /* Messages.swift */; };
		CA6B185F29BD7E0000A44F5F /* Environment.swift in Sources */ = {isa = PBXBuildFile; fileRef = CA6B185E29BD7E0000A44F5F /* Environment.swift */; };
		CA6B186629BD8C7B00A44F5F /* Exit.swift in Sources */ = {isa = PBXBuildFile; fileRef = CA6B186529BD8C7B00A44F5F /* Exit.swift */; };
		CA6B186829BD926A00A44F5F /* Mkdir.swift in Sources */ = {isa = PBXBuildFile; fileRef = CA6B186729BD926A00A44F5F /* Mkdir.swift */; };
		CA6B186A29BD996000A44F5F /* Chdir.swift in Sources */ = {isa = PBXBuildFile; fileRef = CA6B186929BD996000A44F5F /* Chdir.swift */; };
		CA6B186C29BDAFF600A44F5F /* Pwd.swift in Sources */ = {isa = PBXBuildFile; fileRef = CA6B186B29BDAFF600A44F5F /* Pwd.swift */; };
		CA6B186E29BDCBD600A44F5F /* Cd.swift in Sources */ = {isa = PBXBuildFile; fileRef = CA6B186D29BDCBD600A44F5F /* Cd.swift */; };
		CAA88A4929BC3CA4002FC112 /* main.swift in Sources */ = {isa = PBXBuildFile; fileRef = CAA88A4829BC3CA4002FC112 /* main.swift */; };
		CADBA01C29C0D75600F4A1C0 /* Node.swift in Sources */ = {isa = PBXBuildFile; fileRef = CADBA01B29C0D75600F4A1C0 /* Node.swift */; };
		CAE9A39529BC466900FBAAF8 /* Directory.swift in Sources */ = {isa = PBXBuildFile; fileRef = CAE9A39429BC466900FBAAF8 /* Directory.swift */; };
		CAE9A3AA29BC640200FBAAF8 /* String+Helpers.swift in Sources */ = {isa = PBXBuildFile; fileRef = CAE9A3A929BC640200FBAAF8 /* String+Helpers.swift */; };
		CAE9A3AD29BC66D500FBAAF8 /* Messages.swift in Sources */ = {isa = PBXBuildFile; fileRef = CAE9A3AC29BC66D500FBAAF8 /* Messages.swift */; };
		CAE9A3AF29BC6ABB00FBAAF8 /* CommandProtocol.swift in Sources */ = {isa = PBXBuildFile; fileRef = CAE9A3AE29BC6ABB00FBAAF8 /* CommandProtocol.swift */; };
		CAE9A3B429BC6BA300FBAAF8 /* Find.swift in Sources */ = {isa = PBXBuildFile; fileRef = CAE9A3B329BC6BA300FBAAF8 /* Find.swift */; };
/* End PBXBuildFile section */

/* Begin PBXCopyFilesBuildPhase section */
		CAA88A4329BC3CA4002FC112 /* CopyFiles */ = {
			isa = PBXCopyFilesBuildPhase;
			buildActionMask = 2147483647;
			dstPath = /usr/share/man/man1/;
			dstSubfolderSpec = 0;
			files = (
			);
			runOnlyForDeploymentPostprocessing = 1;
		};
/* End PBXCopyFilesBuildPhase section */

/* Begin PBXFileReference section */
		CA2A3C9F29C37A9A006DFCED /* String+SpecialCharacters.swift */ = {isa = PBXFileReference; lastKnownFileType = sourcecode.swift; path = "String+SpecialCharacters.swift"; sourceTree = "<group>"; };
		CA2A3CA129C37FD8006DFCED /* CVarArg+dollarSign.swift */ = {isa = PBXFileReference; lastKnownFileType = sourcecode.swift; path = "CVarArg+dollarSign.swift"; sourceTree = "<group>"; };
		CA2A3CA329C38701006DFCED /* DirectoryProtocol.swift */ = {isa = PBXFileReference; lastKnownFileType = sourcecode.swift; path = DirectoryProtocol.swift; sourceTree = "<group>"; };
		CA2A3CAD29C578CC006DFCED /* FSSHSimulationTests.xctest */ = {isa = PBXFileReference; explicitFileType = wrapper.cfbundle; includeInIndex = 0; path = FSSHSimulationTests.xctest; sourceTree = BUILT_PRODUCTS_DIR; };
		CA2A3CAF29C578CC006DFCED /* FSSHSimulationTests.swift */ = {isa = PBXFileReference; lastKnownFileType = sourcecode.swift; path = FSSHSimulationTests.swift; sourceTree = "<group>"; };
		CA6B185E29BD7E0000A44F5F /* Environment.swift */ = {isa = PBXFileReference; lastKnownFileType = sourcecode.swift; path = Environment.swift; sourceTree = "<group>"; };
		CA6B186529BD8C7B00A44F5F /* Exit.swift */ = {isa = PBXFileReference; lastKnownFileType = sourcecode.swift; path = Exit.swift; sourceTree = "<group>"; };
		CA6B186729BD926A00A44F5F /* Mkdir.swift */ = {isa = PBXFileReference; lastKnownFileType = sourcecode.swift; path = Mkdir.swift; sourceTree = "<group>"; };
		CA6B186929BD996000A44F5F /* Chdir.swift */ = {isa = PBXFileReference; lastKnownFileType = sourcecode.swift; path = Chdir.swift; sourceTree = "<group>"; };
		CA6B186B29BDAFF600A44F5F /* Pwd.swift */ = {isa = PBXFileReference; lastKnownFileType = sourcecode.swift; path = Pwd.swift; sourceTree = "<group>"; };
		CA6B186D29BDCBD600A44F5F /* Cd.swift */ = {isa = PBXFileReference; lastKnownFileType = sourcecode.swift; path = Cd.swift; sourceTree = "<group>"; };
		CAA88A4529BC3CA4002FC112 /* FSSHSimulation */ = {isa = PBXFileReference; explicitFileType = "compiled.mach-o.executable"; includeInIndex = 0; path = FSSHSimulation; sourceTree = BUILT_PRODUCTS_DIR; };
		CAA88A4829BC3CA4002FC112 /* main.swift */ = {isa = PBXFileReference; lastKnownFileType = sourcecode.swift; path = main.swift; sourceTree = "<group>"; };
		CADBA01B29C0D75600F4A1C0 /* Node.swift */ = {isa = PBXFileReference; lastKnownFileType = sourcecode.swift; path = Node.swift; sourceTree = "<group>"; };
		CAE9A39429BC466900FBAAF8 /* Directory.swift */ = {isa = PBXFileReference; lastKnownFileType = sourcecode.swift; path = Directory.swift; sourceTree = "<group>"; };
		CAE9A3A929BC640200FBAAF8 /* String+Helpers.swift */ = {isa = PBXFileReference; lastKnownFileType = sourcecode.swift; path = "String+Helpers.swift"; sourceTree = "<group>"; };
		CAE9A3AC29BC66D500FBAAF8 /* Messages.swift */ = {isa = PBXFileReference; lastKnownFileType = sourcecode.swift; path = Messages.swift; sourceTree = "<group>"; };
		CAE9A3AE29BC6ABB00FBAAF8 /* CommandProtocol.swift */ = {isa = PBXFileReference; lastKnownFileType = sourcecode.swift; path = CommandProtocol.swift; sourceTree = "<group>"; };
		CAE9A3B329BC6BA300FBAAF8 /* Find.swift */ = {isa = PBXFileReference; lastKnownFileType = sourcecode.swift; path = Find.swift; sourceTree = "<group>"; };
/* End PBXFileReference section */

/* Begin PBXFrameworksBuildPhase section */
		CA2A3CAA29C578CC006DFCED /* Frameworks */ = {
			isa = PBXFrameworksBuildPhase;
			buildActionMask = 2147483647;
			files = (
			);
			runOnlyForDeploymentPostprocessing = 0;
		};
		CAA88A4229BC3CA4002FC112 /* Frameworks */ = {
			isa = PBXFrameworksBuildPhase;
			buildActionMask = 2147483647;
			files = (
			);
			runOnlyForDeploymentPostprocessing = 0;
		};
/* End PBXFrameworksBuildPhase section */

/* Begin PBXGroup section */
		CA2A3CA529C49F01006DFCED /* Protocols */ = {
			isa = PBXGroup;
			children = (
				CADBA01B29C0D75600F4A1C0 /* Node.swift */,
				CA2A3CA329C38701006DFCED /* DirectoryProtocol.swift */,
			);
			path = Protocols;
			sourceTree = "<group>";
		};
		CA2A3CA629C49F0A006DFCED /* Classes */ = {
			isa = PBXGroup;
			children = (
				CAE9A39429BC466900FBAAF8 /* Directory.swift */,
			);
			path = Classes;
			sourceTree = "<group>";
		};
		CA2A3CA729C49F19006DFCED /* Protocols */ = {
			isa = PBXGroup;
			children = (
				CAE9A3AE29BC6ABB00FBAAF8 /* CommandProtocol.swift */,
			);
			path = Protocols;
			sourceTree = "<group>";
		};
		CA2A3CA829C49F21006DFCED /* Classes */ = {
			isa = PBXGroup;
			children = (
				CAE9A3B329BC6BA300FBAAF8 /* Find.swift */,
				CA6B186729BD926A00A44F5F /* Mkdir.swift */,
				CA6B186B29BDAFF600A44F5F /* Pwd.swift */,
				CA6B186929BD996000A44F5F /* Chdir.swift */,
				CA6B186D29BDCBD600A44F5F /* Cd.swift */,
				CA6B186529BD8C7B00A44F5F /* Exit.swift */,
			);
			path = Classes;
			sourceTree = "<group>";
		};
		CA2A3CAE29C578CC006DFCED /* FSSHSimulationTests */ = {
			isa = PBXGroup;
			children = (
				CA2A3CAF29C578CC006DFCED /* FSSHSimulationTests.swift */,
			);
			path = FSSHSimulationTests;
			sourceTree = "<group>";
		};
		CA6B186429BD82BF00A44F5F /* Resources */ = {
			isa = PBXGroup;
			children = (
				CAE9A3AC29BC66D500FBAAF8 /* Messages.swift */,
			);
			path = Resources;
			sourceTree = "<group>";
		};
		CAA88A3C29BC3CA4002FC112 = {
			isa = PBXGroup;
			children = (
				CAA88A4729BC3CA4002FC112 /* FSSHSimulation */,
				CA2A3CAE29C578CC006DFCED /* FSSHSimulationTests */,
				CAA88A4629BC3CA4002FC112 /* Products */,
			);
			sourceTree = "<group>";
		};
		CAA88A4629BC3CA4002FC112 /* Products */ = {
			isa = PBXGroup;
			children = (
				CAA88A4529BC3CA4002FC112 /* FSSHSimulation */,
				CA2A3CAD29C578CC006DFCED /* FSSHSimulationTests.xctest */,
			);
			name = Products;
			sourceTree = "<group>";
		};
		CAA88A4729BC3CA4002FC112 /* FSSHSimulation */ = {
			isa = PBXGroup;
			children = (
				CAE9A39A29BC5CD000FBAAF8 /* Environment */,
				CAE9A3AB29BC640700FBAAF8 /* Extensions */,
				CAE9A39329BC3E9400FBAAF8 /* FileSystem */,
				CAE9A3B029BC6ABE00FBAAF8 /* Shell */,
				CA6B186429BD82BF00A44F5F /* Resources */,
				CAA88A4829BC3CA4002FC112 /* main.swift */,
			);
			path = FSSHSimulation;
			sourceTree = "<group>";
		};
		CAE9A39329BC3E9400FBAAF8 /* FileSystem */ = {
			isa = PBXGroup;
			children = (
				CA2A3CA529C49F01006DFCED /* Protocols */,
				CA2A3CA629C49F0A006DFCED /* Classes */,
			);
			path = FileSystem;
			sourceTree = "<group>";
		};
		CAE9A39A29BC5CD000FBAAF8 /* Environment */ = {
			isa = PBXGroup;
			children = (
				CA6B185E29BD7E0000A44F5F /* Environment.swift */,
			);
			path = Environment;
			sourceTree = "<group>";
		};
		CAE9A3AB29BC640700FBAAF8 /* Extensions */ = {
			isa = PBXGroup;
			children = (
				CA2A3CA129C37FD8006DFCED /* CVarArg+dollarSign.swift */,
				CA2A3C9F29C37A9A006DFCED /* String+SpecialCharacters.swift */,
				CAE9A3A929BC640200FBAAF8 /* String+Helpers.swift */,
			);
			path = Extensions;
			sourceTree = "<group>";
		};
		CAE9A3B029BC6ABE00FBAAF8 /* Shell */ = {
			isa = PBXGroup;
			children = (
				CA2A3CA729C49F19006DFCED /* Protocols */,
				CA2A3CA829C49F21006DFCED /* Classes */,
			);
			path = Shell;
			sourceTree = "<group>";
		};
/* End PBXGroup section */

/* Begin PBXNativeTarget section */
		CA2A3CAC29C578CC006DFCED /* FSSHSimulationTests */ = {
			isa = PBXNativeTarget;
			buildConfigurationList = CA2A3CB129C578CC006DFCED /* Build configuration list for PBXNativeTarget "FSSHSimulationTests" */;
			buildPhases = (
				CA2A3CA929C578CC006DFCED /* Sources */,
				CA2A3CAA29C578CC006DFCED /* Frameworks */,
				CA2A3CAB29C578CC006DFCED /* Resources */,
			);
			buildRules = (
			);
			dependencies = (
			);
			name = FSSHSimulationTests;
			productName = FSSHSimulationTests;
			productReference = CA2A3CAD29C578CC006DFCED /* FSSHSimulationTests.xctest */;
			productType = "com.apple.product-type.bundle.unit-test";
		};
		CAA88A4429BC3CA4002FC112 /* FSSHSimulation */ = {
			isa = PBXNativeTarget;
			buildConfigurationList = CAA88A4C29BC3CA4002FC112 /* Build configuration list for PBXNativeTarget "FSSHSimulation" */;
			buildPhases = (
				CAA88A4129BC3CA4002FC112 /* Sources */,
				CAA88A4229BC3CA4002FC112 /* Frameworks */,
				CAA88A4329BC3CA4002FC112 /* CopyFiles */,
			);
			buildRules = (
			);
			dependencies = (
			);
			name = FSSHSimulation;
			productName = FSSHSimulation;
			productReference = CAA88A4529BC3CA4002FC112 /* FSSHSimulation */;
			productType = "com.apple.product-type.tool";
		};
/* End PBXNativeTarget section */

/* Begin PBXProject section */
		CAA88A3D29BC3CA4002FC112 /* Project object */ = {
			isa = PBXProject;
			attributes = {
				BuildIndependentTargetsInParallel = 1;
				LastSwiftUpdateCheck = 1420;
				LastUpgradeCheck = 1420;
				TargetAttributes = {
					CA2A3CAC29C578CC006DFCED = {
						CreatedOnToolsVersion = 14.2;
					};
					CAA88A4429BC3CA4002FC112 = {
						CreatedOnToolsVersion = 14.2;
					};
				};
			};
			buildConfigurationList = CAA88A4029BC3CA4002FC112 /* Build configuration list for PBXProject "FSSHSimulation" */;
			compatibilityVersion = "Xcode 14.0";
			developmentRegion = en;
			hasScannedForEncodings = 0;
			knownRegions = (
				en,
				Base,
			);
			mainGroup = CAA88A3C29BC3CA4002FC112;
			productRefGroup = CAA88A4629BC3CA4002FC112 /* Products */;
			projectDirPath = "";
			projectRoot = "";
			targets = (
				CAA88A4429BC3CA4002FC112 /* FSSHSimulation */,
				CA2A3CAC29C578CC006DFCED /* FSSHSimulationTests */,
			);
		};
/* End PBXProject section */

/* Begin PBXResourcesBuildPhase section */
		CA2A3CAB29C578CC006DFCED /* Resources */ = {
			isa = PBXResourcesBuildPhase;
			buildActionMask = 2147483647;
			files = (
			);
			runOnlyForDeploymentPostprocessing = 0;
		};
/* End PBXResourcesBuildPhase section */

/* Begin PBXSourcesBuildPhase section */
		CA2A3CA929C578CC006DFCED /* Sources */ = {
			isa = PBXSourcesBuildPhase;
			buildActionMask = 2147483647;
			files = (
				CA2A3CB829C5798A006DFCED /* String+SpecialCharacters.swift in Sources */,
				CA2A3CC329C5799E006DFCED /* Messages.swift in Sources */,
				CA2A3CC229C5799B006DFCED /* Mkdir.swift in Sources */,
				CA2A3CB729C5798A006DFCED /* String+Helpers.swift in Sources */,
				CA2A3CB029C578CC006DFCED /* FSSHSimulationTests.swift in Sources */,
				CA2A3CB929C5798E006DFCED /* DirectoryProtocol.swift in Sources */,
				CA2A3CB629C5798A006DFCED /* CVarArg+dollarSign.swift in Sources */,
				CA2A3CB529C57985006DFCED /* Environment.swift in Sources */,
				CA2A3CC029C5799B006DFCED /* Chdir.swift in Sources */,
				CA2A3CBE29C5799B006DFCED /* Cd.swift in Sources */,
				CA2A3CBA29C5798E006DFCED /* Node.swift in Sources */,
				CA2A3CBB29C57991006DFCED /* Directory.swift in Sources */,
				CA2A3CBC29C57994006DFCED /* CommandProtocol.swift in Sources */,
				CA2A3CC129C5799B006DFCED /* Exit.swift in Sources */,
				CA2A3CBF29C5799B006DFCED /* Find.swift in Sources */,
				CA2A3CBD29C5799B006DFCED /* Pwd.swift in Sources */,
			);
			runOnlyForDeploymentPostprocessing = 0;
		};
		CAA88A4129BC3CA4002FC112 /* Sources */ = {
			isa = PBXSourcesBuildPhase;
			buildActionMask = 2147483647;
			files = (
				CA2A3CA229C37FD8006DFCED /* CVarArg+dollarSign.swift in Sources */,
				CA6B185F29BD7E0000A44F5F /* Environment.swift in Sources */,
				CA6B186829BD926A00A44F5F /* Mkdir.swift in Sources */,
				CA6B186629BD8C7B00A44F5F /* Exit.swift in Sources */,
				CADBA01C29C0D75600F4A1C0 /* Node.swift in Sources */,
				CA2A3CA029C37A9A006DFCED /* String+SpecialCharacters.swift in Sources */,
				CAA88A4929BC3CA4002FC112 /* main.swift in Sources */,
				CAE9A39529BC466900FBAAF8 /* Directory.swift in Sources */,
				CA6B186A29BD996000A44F5F /* Chdir.swift in Sources */,
				CA2A3CA429C38701006DFCED /* DirectoryProtocol.swift in Sources */,
				CAE9A3AF29BC6ABB00FBAAF8 /* CommandProtocol.swift in Sources */,
				CA6B186E29BDCBD600A44F5F /* Cd.swift in Sources */,
				CAE9A3AA29BC640200FBAAF8 /* String+Helpers.swift in Sources */,
				CAE9A3B429BC6BA300FBAAF8 /* Find.swift in Sources */,
				CA6B186C29BDAFF600A44F5F /* Pwd.swift in Sources */,
				CAE9A3AD29BC66D500FBAAF8 /* Messages.swift in Sources */,
			);
			runOnlyForDeploymentPostprocessing = 0;
		};
/* End PBXSourcesBuildPhase section */

/* Begin XCBuildConfiguration section */
		CA2A3CB229C578CC006DFCED /* Debug */ = {
			isa = XCBuildConfiguration;
			buildSettings = {
				CODE_SIGN_STYLE = Automatic;
				CURRENT_PROJECT_VERSION = 1;
				DEVELOPMENT_TEAM = 4NK62H99X6;
				GENERATE_INFOPLIST_FILE = YES;
				MACOSX_DEPLOYMENT_TARGET = 13.1;
				MARKETING_VERSION = 1.0;
				PRODUCT_BUNDLE_IDENTIFIER = com.jareksedy.FSSHSimulationTests;
				PRODUCT_NAME = "$(TARGET_NAME)";
				SWIFT_EMIT_LOC_STRINGS = NO;
				SWIFT_VERSION = 5.0;
			};
			name = Debug;
		};
		CA2A3CB329C578CC006DFCED /* Release */ = {
			isa = XCBuildConfiguration;
			buildSettings = {
				CODE_SIGN_STYLE = Automatic;
				CURRENT_PROJECT_VERSION = 1;
				DEVELOPMENT_TEAM = 4NK62H99X6;
				GENERATE_INFOPLIST_FILE = YES;
				MACOSX_DEPLOYMENT_TARGET = 13.1;
				MARKETING_VERSION = 1.0;
				PRODUCT_BUNDLE_IDENTIFIER = com.jareksedy.FSSHSimulationTests;
				PRODUCT_NAME = "$(TARGET_NAME)";
				SWIFT_EMIT_LOC_STRINGS = NO;
				SWIFT_VERSION = 5.0;
			};
			name = Release;
		};
		CAA88A4A29BC3CA4002FC112 /* Debug */ = {
			isa = XCBuildConfiguration;
			buildSettings = {
				ALWAYS_SEARCH_USER_PATHS = NO;
				CLANG_ANALYZER_NONNULL = YES;
				CLANG_ANALYZER_NUMBER_OBJECT_CONVERSION = YES_AGGRESSIVE;
				CLANG_CXX_LANGUAGE_STANDARD = "gnu++20";
				CLANG_ENABLE_MODULES = YES;
				CLANG_ENABLE_OBJC_ARC = YES;
				CLANG_ENABLE_OBJC_WEAK = YES;
				CLANG_WARN_BLOCK_CAPTURE_AUTORELEASING = YES;
				CLANG_WARN_BOOL_CONVERSION = YES;
				CLANG_WARN_COMMA = YES;
				CLANG_WARN_CONSTANT_CONVERSION = YES;
				CLANG_WARN_DEPRECATED_OBJC_IMPLEMENTATIONS = YES;
				CLANG_WARN_DIRECT_OBJC_ISA_USAGE = YES_ERROR;
				CLANG_WARN_DOCUMENTATION_COMMENTS = YES;
				CLANG_WARN_EMPTY_BODY = YES;
				CLANG_WARN_ENUM_CONVERSION = YES;
				CLANG_WARN_INFINITE_RECURSION = YES;
				CLANG_WARN_INT_CONVERSION = YES;
				CLANG_WARN_NON_LITERAL_NULL_CONVERSION = YES;
				CLANG_WARN_OBJC_IMPLICIT_RETAIN_SELF = YES;
				CLANG_WARN_OBJC_LITERAL_CONVERSION = YES;
				CLANG_WARN_OBJC_ROOT_CLASS = YES_ERROR;
				CLANG_WARN_QUOTED_INCLUDE_IN_FRAMEWORK_HEADER = YES;
				CLANG_WARN_RANGE_LOOP_ANALYSIS = YES;
				CLANG_WARN_STRICT_PROTOTYPES = YES;
				CLANG_WARN_SUSPICIOUS_MOVE = YES;
				CLANG_WARN_UNGUARDED_AVAILABILITY = YES_AGGRESSIVE;
				CLANG_WARN_UNREACHABLE_CODE = YES;
				CLANG_WARN__DUPLICATE_METHOD_MATCH = YES;
				COPY_PHASE_STRIP = NO;
				DEBUG_INFORMATION_FORMAT = dwarf;
				ENABLE_STRICT_OBJC_MSGSEND = YES;
				ENABLE_TESTABILITY = YES;
				GCC_C_LANGUAGE_STANDARD = gnu11;
				GCC_DYNAMIC_NO_PIC = NO;
				GCC_NO_COMMON_BLOCKS = YES;
				GCC_OPTIMIZATION_LEVEL = 0;
				GCC_PREPROCESSOR_DEFINITIONS = (
					"DEBUG=1",
					"$(inherited)",
				);
				GCC_WARN_64_TO_32_BIT_CONVERSION = YES;
				GCC_WARN_ABOUT_RETURN_TYPE = YES_ERROR;
				GCC_WARN_UNDECLARED_SELECTOR = YES;
				GCC_WARN_UNINITIALIZED_AUTOS = YES_AGGRESSIVE;
				GCC_WARN_UNUSED_FUNCTION = YES;
				GCC_WARN_UNUSED_VARIABLE = YES;
				MACOSX_DEPLOYMENT_TARGET = 12.0;
				MTL_ENABLE_DEBUG_INFO = INCLUDE_SOURCE;
				MTL_FAST_MATH = YES;
				ONLY_ACTIVE_ARCH = YES;
				SDKROOT = macosx;
				SWIFT_ACTIVE_COMPILATION_CONDITIONS = DEBUG;
				SWIFT_OPTIMIZATION_LEVEL = "-Onone";
			};
			name = Debug;
		};
		CAA88A4B29BC3CA4002FC112 /* Release */ = {
			isa = XCBuildConfiguration;
			buildSettings = {
				ALWAYS_SEARCH_USER_PATHS = NO;
				CLANG_ANALYZER_NONNULL = YES;
				CLANG_ANALYZER_NUMBER_OBJECT_CONVERSION = YES_AGGRESSIVE;
				CLANG_CXX_LANGUAGE_STANDARD = "gnu++20";
				CLANG_ENABLE_MODULES = YES;
				CLANG_ENABLE_OBJC_ARC = YES;
				CLANG_ENABLE_OBJC_WEAK = YES;
				CLANG_WARN_BLOCK_CAPTURE_AUTORELEASING = YES;
				CLANG_WARN_BOOL_CONVERSION = YES;
				CLANG_WARN_COMMA = YES;
				CLANG_WARN_CONSTANT_CONVERSION = YES;
				CLANG_WARN_DEPRECATED_OBJC_IMPLEMENTATIONS = YES;
				CLANG_WARN_DIRECT_OBJC_ISA_USAGE = YES_ERROR;
				CLANG_WARN_DOCUMENTATION_COMMENTS = YES;
				CLANG_WARN_EMPTY_BODY = YES;
				CLANG_WARN_ENUM_CONVERSION = YES;
				CLANG_WARN_INFINITE_RECURSION = YES;
				CLANG_WARN_INT_CONVERSION = YES;
				CLANG_WARN_NON_LITERAL_NULL_CONVERSION = YES;
				CLANG_WARN_OBJC_IMPLICIT_RETAIN_SELF = YES;
				CLANG_WARN_OBJC_LITERAL_CONVERSION = YES;
				CLANG_WARN_OBJC_ROOT_CLASS = YES_ERROR;
				CLANG_WARN_QUOTED_INCLUDE_IN_FRAMEWORK_HEADER = YES;
				CLANG_WARN_RANGE_LOOP_ANALYSIS = YES;
				CLANG_WARN_STRICT_PROTOTYPES = YES;
				CLANG_WARN_SUSPICIOUS_MOVE = YES;
				CLANG_WARN_UNGUARDED_AVAILABILITY = YES_AGGRESSIVE;
				CLANG_WARN_UNREACHABLE_CODE = YES;
				CLANG_WARN__DUPLICATE_METHOD_MATCH = YES;
				COPY_PHASE_STRIP = NO;
				DEBUG_INFORMATION_FORMAT = "dwarf-with-dsym";
				ENABLE_NS_ASSERTIONS = NO;
				ENABLE_STRICT_OBJC_MSGSEND = YES;
				GCC_C_LANGUAGE_STANDARD = gnu11;
				GCC_NO_COMMON_BLOCKS = YES;
				GCC_WARN_64_TO_32_BIT_CONVERSION = YES;
				GCC_WARN_ABOUT_RETURN_TYPE = YES_ERROR;
				GCC_WARN_UNDECLARED_SELECTOR = YES;
				GCC_WARN_UNINITIALIZED_AUTOS = YES_AGGRESSIVE;
				GCC_WARN_UNUSED_FUNCTION = YES;
				GCC_WARN_UNUSED_VARIABLE = YES;
				MACOSX_DEPLOYMENT_TARGET = 12.0;
				MTL_ENABLE_DEBUG_INFO = NO;
				MTL_FAST_MATH = YES;
				SDKROOT = macosx;
				SWIFT_COMPILATION_MODE = wholemodule;
				SWIFT_OPTIMIZATION_LEVEL = "-O";
			};
			name = Release;
		};
		CAA88A4D29BC3CA4002FC112 /* Debug */ = {
			isa = XCBuildConfiguration;
			buildSettings = {
				CODE_SIGN_STYLE = Automatic;
				DEVELOPMENT_TEAM = 4NK62H99X6;
				ENABLE_HARDENED_RUNTIME = YES;
				MACOSX_DEPLOYMENT_TARGET = 12.0;
				PRODUCT_NAME = "$(TARGET_NAME)";
				SWIFT_VERSION = 5.0;
			};
			name = Debug;
		};
		CAA88A4E29BC3CA4002FC112 /* Release */ = {
			isa = XCBuildConfiguration;
			buildSettings = {
				CODE_SIGN_STYLE = Automatic;
				DEVELOPMENT_TEAM = 4NK62H99X6;
				ENABLE_HARDENED_RUNTIME = YES;
				MACOSX_DEPLOYMENT_TARGET = 12.0;
				PRODUCT_NAME = "$(TARGET_NAME)";
				SWIFT_VERSION = 5.0;
			};
			name = Release;
		};
/* End XCBuildConfiguration section */

/* Begin XCConfigurationList section */
		CA2A3CB129C578CC006DFCED /* Build configuration list for PBXNativeTarget "FSSHSimulationTests" */ = {
			isa = XCConfigurationList;
			buildConfigurations = (
				CA2A3CB229C578CC006DFCED /* Debug */,
				CA2A3CB329C578CC006DFCED /* Release */,
			);
			defaultConfigurationIsVisible = 0;
			defaultConfigurationName = Release;
		};
		CAA88A4029BC3CA4002FC112 /* Build configuration list for PBXProject "FSSHSimulation" */ = {
			isa = XCConfigurationList;
			buildConfigurations = (
				CAA88A4A29BC3CA4002FC112 /* Debug */,
				CAA88A4B29BC3CA4002FC112 /* Release */,
			);
			defaultConfigurationIsVisible = 0;
			defaultConfigurationName = Release;
		};
		CAA88A4C29BC3CA4002FC112 /* Build configuration list for PBXNativeTarget "FSSHSimulation" */ = {
			isa = XCConfigurationList;
			buildConfigurations = (
				CAA88A4D29BC3CA4002FC112 /* Debug */,
				CAA88A4E29BC3CA4002FC112 /* Release */,
			);
			defaultConfigurationIsVisible = 0;
			defaultConfigurationName = Release;
		};
/* End XCConfigurationList section */
	};
	rootObject = CAA88A3D29BC3CA4002FC112 /* Project object */;
}
